
Microsoft Visual Studio Solution File, Format Version 12.00
# Visual Studio Version 17
VisualStudioVersion = 17.5.002.0
MinimumVisualStudioVersion = 10.0.40219.1
Project("{9A19103F-16F7-4668-BE54-9A1E7A4F7556}") = "basic_tasks_2", "basic_tasks_2.csproj", "{B6068743-FB01-410B-86E3-7A59A1557219}"
EndProject
Global
	GlobalSection(SolutionConfigurationPlatforms) = preSolution
		Debug|Any CPU = Debug|Any CPU
		Release|Any CPU = Release|Any CPU
	EndGlobalSection
	GlobalSection(ProjectConfigurationPlatforms) = postSolution
		{B6068743-FB01-410B-86E3-7A59A1557219}.Debug|Any CPU.ActiveCfg = Debug|Any CPU
		{B6068743-FB01-410B-86E3-7A59A1557219}.Debug|Any CPU.Build.0 = Debug|Any CPU
		{B6068743-FB01-410B-86E3-7A59A1557219}.Release|Any CPU.ActiveCfg = Release|Any CPU
		{B6068743-FB01-410B-86E3-7A59A1557219}.Release|Any CPU.Build.0 = Release|Any CPU
	EndGlobalSection
	GlobalSection(SolutionProperties) = preSolution
		HideSolutionNode = FALSE
	EndGlobalSection
	GlobalSection(ExtensibilityGlobals) = postSolution
		SolutionGuid = {E5F53FD7-2180-46D8-A265-7758F0DD9C80}
	EndGlobalSection
EndGlobal
